// !$*UTF8*$!
{
	archiveVersion = 1;
	classes = {
	};
	objectVersion = 48;
	objects = {

/* Begin PBXBuildFile section */
		590F6FB32041BB3300124EF4 /* AppDelegate.swift in Sources */ = {isa = PBXBuildFile; fileRef = 590F6FB22041BB3300124EF4 /* AppDelegate.swift */; };
		590F6FB52041BB3300124EF4 /* ViewController.swift in Sources */ = {isa = PBXBuildFile; fileRef = 590F6FB42041BB3300124EF4 /* ViewController.swift */; };
		590F6FB82041BB3300124EF4 /* Main.storyboard in Resources */ = {isa = PBXBuildFile; fileRef = 590F6FB62041BB3300124EF4 /* Main.storyboard */; };
		590F6FBA2041BB3300124EF4 /* Assets.xcassets in Resources */ = {isa = PBXBuildFile; fileRef = 590F6FB92041BB3300124EF4 /* Assets.xcassets */; };
		590F6FBD2041BB3300124EF4 /* LaunchScreen.storyboard in Resources */ = {isa = PBXBuildFile; fileRef = 590F6FBB2041BB3300124EF4 /* LaunchScreen.storyboard */; };
		590F6FC62041C27700124EF4 /* Models.swift in Sources */ = {isa = PBXBuildFile; fileRef = 590F6FC52041C27700124EF4 /* Models.swift */; };
		590F6FCA2041C9F000124EF4 /* SearchService.swift in Sources */ = {isa = PBXBuildFile; fileRef = 590F6FC92041C9F000124EF4 /* SearchService.swift */; };
		590F6FCD2041CE8600124EF4 /* PostTableViewCell.swift in Sources */ = {isa = PBXBuildFile; fileRef = 590F6FCC2041CE8600124EF4 /* PostTableViewCell.swift */; };
		590F6FD02041D8C200124EF4 /* UIView+Helper.swift in Sources */ = {isa = PBXBuildFile; fileRef = 590F6FCF2041D8C200124EF4 /* UIView+Helper.swift */; };
		590F6FD22041E22D00124EF4 /* DateFormatterService.swift in Sources */ = {isa = PBXBuildFile; fileRef = 590F6FD12041E22D00124EF4 /* DateFormatterService.swift */; };
/* End PBXBuildFile section */

/* Begin PBXFileReference section */
		590F6FAF2041BB3300124EF4 /* reddit.app */ = {isa = PBXFileReference; explicitFileType = wrapper.application; includeInIndex = 0; path = reddit.app; sourceTree = BUILT_PRODUCTS_DIR; };
		590F6FB22041BB3300124EF4 /* AppDelegate.swift */ = {isa = PBXFileReference; lastKnownFileType = sourcecode.swift; path = AppDelegate.swift; sourceTree = "<group>"; };
		590F6FB42041BB3300124EF4 /* ViewController.swift */ = {isa = PBXFileReference; lastKnownFileType = sourcecode.swift; path = ViewController.swift; sourceTree = "<group>"; };
		590F6FB72041BB3300124EF4 /* Base */ = {isa = PBXFileReference; lastKnownFileType = file.storyboard; name = Base; path = Base.lproj/Main.storyboard; sourceTree = "<group>"; };
		590F6FB92041BB3300124EF4 /* Assets.xcassets */ = {isa = PBXFileReference; lastKnownFileType = folder.assetcatalog; path = Assets.xcassets; sourceTree = "<group>"; };
		590F6FBC2041BB3300124EF4 /* Base */ = {isa = PBXFileReference; lastKnownFileType = file.storyboard; name = Base; path = Base.lproj/LaunchScreen.storyboard; sourceTree = "<group>"; };
		590F6FBE2041BB3300124EF4 /* Info.plist */ = {isa = PBXFileReference; lastKnownFileType = text.plist.xml; path = Info.plist; sourceTree = "<group>"; };
		590F6FC52041C27700124EF4 /* Models.swift */ = {isa = PBXFileReference; lastKnownFileType = sourcecode.swift; path = Models.swift; sourceTree = "<group>"; };
		590F6FC92041C9F000124EF4 /* SearchService.swift */ = {isa = PBXFileReference; lastKnownFileType = sourcecode.swift; path = SearchService.swift; sourceTree = "<group>"; };
		590F6FCC2041CE8600124EF4 /* PostTableViewCell.swift */ = {isa = PBXFileReference; lastKnownFileType = sourcecode.swift; path = PostTableViewCell.swift; sourceTree = "<group>"; };
		590F6FCF2041D8C200124EF4 /* UIView+Helper.swift */ = {isa = PBXFileReference; lastKnownFileType = sourcecode.swift; path = "UIView+Helper.swift"; sourceTree = "<group>"; };
		590F6FD12041E22D00124EF4 /* DateFormatterService.swift */ = {isa = PBXFileReference; lastKnownFileType = sourcecode.swift; path = DateFormatterService.swift; sourceTree = "<group>"; };
/* End PBXFileReference section */

/* Begin PBXFrameworksBuildPhase section */
		590F6FAC2041BB3300124EF4 /* Frameworks */ = {
			isa = PBXFrameworksBuildPhase;
			buildActionMask = 2147483647;
			files = (
			);
			runOnlyForDeploymentPostprocessing = 0;
		};
/* End PBXFrameworksBuildPhase section */

/* Begin PBXGroup section */
		590F6FA62041BB3300124EF4 = {
			isa = PBXGroup;
			children = (
				590F6FB12041BB3300124EF4 /* reddit */,
				590F6FB02041BB3300124EF4 /* Products */,
			);
			sourceTree = "<group>";
		};
		590F6FB02041BB3300124EF4 /* Products */ = {
			isa = PBXGroup;
			children = (
				590F6FAF2041BB3300124EF4 /* reddit.app */,
			);
			name = Products;
			sourceTree = "<group>";
		};
		590F6FB12041BB3300124EF4 /* reddit */ = {
			isa = PBXGroup;
			children = (
				590F6FCE2041D8B500124EF4 /* Helpers */,
				590F6FCB2041CE7000124EF4 /* Views */,
				590F6FC82041C9BF00124EF4 /* Services */,
				590F6FC42041C23C00124EF4 /* Models */,
				590F6FB22041BB3300124EF4 /* AppDelegate.swift */,
				590F6FB42041BB3300124EF4 /* ViewController.swift */,
				590F6FB62041BB3300124EF4 /* Main.storyboard */,
				590F6FB92041BB3300124EF4 /* Assets.xcassets */,
				590F6FBB2041BB3300124EF4 /* LaunchScreen.storyboard */,
				590F6FBE2041BB3300124EF4 /* Info.plist */,
			);
			path = reddit;
			sourceTree = "<group>";
		};
		590F6FC42041C23C00124EF4 /* Models */ = {
			isa = PBXGroup;
			children = (
				590F6FC52041C27700124EF4 /* Models.swift */,
			);
			path = Models;
			sourceTree = "<group>";
		};
		590F6FC82041C9BF00124EF4 /* Services */ = {
			isa = PBXGroup;
			children = (
				590F6FC92041C9F000124EF4 /* SearchService.swift */,
				590F6FD12041E22D00124EF4 /* DateFormatterService.swift */,
			);
			path = Services;
			sourceTree = "<group>";
		};
		590F6FCB2041CE7000124EF4 /* Views */ = {
			isa = PBXGroup;
			children = (
				590F6FCC2041CE8600124EF4 /* PostTableViewCell.swift */,
			);
			path = Views;
			sourceTree = "<group>";
		};
		590F6FCE2041D8B500124EF4 /* Helpers */ = {
			isa = PBXGroup;
			children = (
				590F6FCF2041D8C200124EF4 /* UIView+Helper.swift */,
			);
			path = Helpers;
			sourceTree = "<group>";
		};
/* End PBXGroup section */

/* Begin PBXNativeTarget section */
		590F6FAE2041BB3300124EF4 /* reddit */ = {
			isa = PBXNativeTarget;
			buildConfigurationList = 590F6FC12041BB3300124EF4 /* Build configuration list for PBXNativeTarget "reddit" */;
			buildPhases = (
				590F6FAB2041BB3300124EF4 /* Sources */,
				590F6FAC2041BB3300124EF4 /* Frameworks */,
				590F6FAD2041BB3300124EF4 /* Resources */,
			);
			buildRules = (
			);
			dependencies = (
			);
			name = reddit;
			productName = reddit;
			productReference = 590F6FAF2041BB3300124EF4 /* reddit.app */;
			productType = "com.apple.product-type.application";
		};
/* End PBXNativeTarget section */

/* Begin PBXProject section */
		590F6FA72041BB3300124EF4 /* Project object */ = {
			isa = PBXProject;
			attributes = {
				LastSwiftUpdateCheck = 0920;
				LastUpgradeCheck = 0920;
				ORGANIZATIONNAME = "Allen Huang";
				TargetAttributes = {
					590F6FAE2041BB3300124EF4 = {
						CreatedOnToolsVersion = 9.2;
						ProvisioningStyle = Automatic;
					};
				};
			};
			buildConfigurationList = 590F6FAA2041BB3300124EF4 /* Build configuration list for PBXProject "reddit" */;
			compatibilityVersion = "Xcode 8.0";
			developmentRegion = en;
			hasScannedForEncodings = 0;
			knownRegions = (
				en,
				Base,
			);
			mainGroup = 590F6FA62041BB3300124EF4;
			productRefGroup = 590F6FB02041BB3300124EF4 /* Products */;
			projectDirPath = "";
			projectRoot = "";
			targets = (
				590F6FAE2041BB3300124EF4 /* reddit */,
			);
		};
/* End PBXProject section */

/* Begin PBXResourcesBuildPhase section */
		590F6FAD2041BB3300124EF4 /* Resources */ = {
			isa = PBXResourcesBuildPhase;
			buildActionMask = 2147483647;
			files = (
				590F6FBD2041BB3300124EF4 /* LaunchScreen.storyboard in Resources */,
				590F6FBA2041BB3300124EF4 /* Assets.xcassets in Resources */,
				590F6FB82041BB3300124EF4 /* Main.storyboard in Resources */,
			);
			runOnlyForDeploymentPostprocessing = 0;
		};
/* End PBXResourcesBuildPhase section */

/* Begin PBXSourcesBuildPhase section */
		590F6FAB2041BB3300124EF4 /* Sources */ = {
			isa = PBXSourcesBuildPhase;
			buildActionMask = 2147483647;
			files = (
				590F6FC62041C27700124EF4 /* Models.swift in Sources */,
				590F6FCA2041C9F000124EF4 /* SearchService.swift in Sources */,
				590F6FCD2041CE8600124EF4 /* PostTableViewCell.swift in Sources */,
				590F6FB52041BB3300124EF4 /* ViewController.swift in Sources */,
				590F6FD02041D8C200124EF4 /* UIView+Helper.swift in Sources */,
				590F6FD22041E22D00124EF4 /* DateFormatterService.swift in Sources */,
				590F6FB32041BB3300124EF4 /* AppDelegate.swift in Sources */,
			);
			runOnlyForDeploymentPostprocessing = 0;
		};
/* End PBXSourcesBuildPhase section */

/* Begin PBXVariantGroup section */
		590F6FB62041BB3300124EF4 /* Main.storyboard */ = {
			isa = PBXVariantGroup;
			children = (
				590F6FB72041BB3300124EF4 /* Base */,
			);
			name = Main.storyboard;
			sourceTree = "<group>";
		};
		590F6FBB2041BB3300124EF4 /* LaunchScreen.storyboard */ = {
			isa = PBXVariantGroup;
			children = (
				590F6FBC2041BB3300124EF4 /* Base */,
			);
			name = LaunchScreen.storyboard;
			sourceTree = "<group>";
		};
/* End PBXVariantGroup section */

/* Begin XCBuildConfiguration section */
		590F6FBF2041BB3300124EF4 /* Debug */ = {
			isa = XCBuildConfiguration;
			buildSettings = {
				ALWAYS_SEARCH_USER_PATHS = NO;
				CLANG_ANALYZER_NONNULL = YES;
				CLANG_ANALYZER_NUMBER_OBJECT_CONVERSION = YES_AGGRESSIVE;
				CLANG_CXX_LANGUAGE_STANDARD = "gnu++14";
				CLANG_CXX_LIBRARY = "libc++";
				CLANG_ENABLE_MODULES = YES;
				CLANG_ENABLE_OBJC_ARC = YES;
				CLANG_WARN_BLOCK_CAPTURE_AUTORELEASING = YES;
				CLANG_WARN_BOOL_CONVERSION = YES;
				CLANG_WARN_COMMA = YES;
				CLANG_WARN_CONSTANT_CONVERSION = YES;
				CLANG_WARN_DIRECT_OBJC_ISA_USAGE = YES_ERROR;
				CLANG_WARN_DOCUMENTATION_COMMENTS = YES;
				CLANG_WARN_EMPTY_BODY = YES;
				CLANG_WARN_ENUM_CONVERSION = YES;
				CLANG_WARN_INFINITE_RECURSION = YES;
				CLANG_WARN_INT_CONVERSION = YES;
				CLANG_WARN_NON_LITERAL_NULL_CONVERSION = YES;
				CLANG_WARN_OBJC_LITERAL_CONVERSION = YES;
				CLANG_WARN_OBJC_ROOT_CLASS = YES_ERROR;
				CLANG_WARN_RANGE_LOOP_ANALYSIS = YES;
				CLANG_WARN_STRICT_PROTOTYPES = YES;
				CLANG_WARN_SUSPICIOUS_MOVE = YES;
				CLANG_WARN_UNGUARDED_AVAILABILITY = YES_AGGRESSIVE;
				CLANG_WARN_UNREACHABLE_CODE = YES;
				CLANG_WARN__DUPLICATE_METHOD_MATCH = YES;
				CODE_SIGN_IDENTITY = "iPhone Developer";
				COPY_PHASE_STRIP = NO;
				DEBUG_INFORMATION_FORMAT = dwarf;
				ENABLE_STRICT_OBJC_MSGSEND = YES;
				ENABLE_TESTABILITY = YES;
				GCC_C_LANGUAGE_STANDARD = gnu11;
				GCC_DYNAMIC_NO_PIC = NO;
				GCC_NO_COMMON_BLOCKS = YES;
				GCC_OPTIMIZATION_LEVEL = 0;
				GCC_PREPROCESSOR_DEFINITIONS = (
					"DEBUG=1",
					"$(inherited)",
				);
				GCC_WARN_64_TO_32_BIT_CONVERSION = YES;
				GCC_WARN_ABOUT_RETURN_TYPE = YES_ERROR;
				GCC_WARN_UNDECLARED_SELECTOR = YES;
				GCC_WARN_UNINITIALIZED_AUTOS = YES_AGGRESSIVE;
				GCC_WARN_UNUSED_FUNCTION = YES;
				GCC_WARN_UNUSED_VARIABLE = YES;
				IPHONEOS_DEPLOYMENT_TARGET = 11.2;
				MTL_ENABLE_DEBUG_INFO = YES;
				ONLY_ACTIVE_ARCH = YES;
				SDKROOT = iphoneos;
				SWIFT_ACTIVE_COMPILATION_CONDITIONS = DEBUG;
				SWIFT_OPTIMIZATION_LEVEL = "-Onone";
			};
			name = Debug;
		};
		590F6FC02041BB3300124EF4 /* Release */ = {
			isa = XCBuildConfiguration;
			buildSettings = {
				ALWAYS_SEARCH_USER_PATHS = NO;
				CLANG_ANALYZER_NONNULL = YES;
				CLANG_ANALYZER_NUMBER_OBJECT_CONVERSION = YES_AGGRESSIVE;
				CLANG_CXX_LANGUAGE_STANDARD = "gnu++14";
				CLANG_CXX_LIBRARY = "libc++";
				CLANG_ENABLE_MODULES = YES;
				CLANG_ENABLE_OBJC_ARC = YES;
				CLANG_WARN_BLOCK_CAPTURE_AUTORELEASING = YES;
				CLANG_WARN_BOOL_CONVERSION = YES;
				CLANG_WARN_COMMA = YES;
				CLANG_WARN_CONSTANT_CONVERSION = YES;
				CLANG_WARN_DIRECT_OBJC_ISA_USAGE = YES_ERROR;
				CLANG_WARN_DOCUMENTATION_COMMENTS = YES;
				CLANG_WARN_EMPTY_BODY = YES;
				CLANG_WARN_ENUM_CONVERSION = YES;
				CLANG_WARN_INFINITE_RECURSION = YES;
				CLANG_WARN_INT_CONVERSION = YES;
				CLANG_WARN_NON_LITERAL_NULL_CONVERSION = YES;
				CLANG_WARN_OBJC_LITERAL_CONVERSION = YES;
				CLANG_WARN_OBJC_ROOT_CLASS = YES_ERROR;
				CLANG_WARN_RANGE_LOOP_ANALYSIS = YES;
				CLANG_WARN_STRICT_PROTOTYPES = YES;
				CLANG_WARN_SUSPICIOUS_MOVE = YES;
				CLANG_WARN_UNGUARDED_AVAILABILITY = YES_AGGRESSIVE;
				CLANG_WARN_UNREACHABLE_CODE = YES;
				CLANG_WARN__DUPLICATE_METHOD_MATCH = YES;
				CODE_SIGN_IDENTITY = "iPhone Developer";
				COPY_PHASE_STRIP = NO;
				DEBUG_INFORMATION_FORMAT = "dwarf-with-dsym";
				ENABLE_NS_ASSERTIONS = NO;
				ENABLE_STRICT_OBJC_MSGSEND = YES;
				GCC_C_LANGUAGE_STANDARD = gnu11;
				GCC_NO_COMMON_BLOCKS = YES;
				GCC_WARN_64_TO_32_BIT_CONVERSION = YES;
				GCC_WARN_ABOUT_RETURN_TYPE = YES_ERROR;
				GCC_WARN_UNDECLARED_SELECTOR = YES;
				GCC_WARN_UNINITIALIZED_AUTOS = YES_AGGRESSIVE;
				GCC_WARN_UNUSED_FUNCTION = YES;
				GCC_WARN_UNUSED_VARIABLE = YES;
				IPHONEOS_DEPLOYMENT_TARGET = 11.2;
				MTL_ENABLE_DEBUG_INFO = NO;
				SDKROOT = iphoneos;
				SWIFT_OPTIMIZATION_LEVEL = "-Owholemodule";
				VALIDATE_PRODUCT = YES;
			};
			name = Release;
		};
		590F6FC22041BB3300124EF4 /* Debug */ = {
			isa = XCBuildConfiguration;
			buildSettings = {
				ASSETCATALOG_COMPILER_APPICON_NAME = AppIcon;
				CODE_SIGN_STYLE = Automatic;
				DEVELOPMENT_TEAM = S392RJG649;
				INFOPLIST_FILE = reddit/Info.plist;
				LD_RUNPATH_SEARCH_PATHS = "$(inherited) @executable_path/Frameworks";
				PRODUCT_BUNDLE_IDENTIFIER = com.allenehuang.reddit;
				PRODUCT_NAME = "$(TARGET_NAME)";
				SWIFT_VERSION = 4.0;
				TARGETED_DEVICE_FAMILY = "1,2";
			};
			name = Debug;
		};
		590F6FC32041BB3300124EF4 /* Release */ = {
			isa = XCBuildConfiguration;
			buildSettings = {
				ASSETCATALOG_COMPILER_APPICON_NAME = AppIcon;
				CODE_SIGN_STYLE = Automatic;
				DEVELOPMENT_TEAM = S392RJG649;
				INFOPLIST_FILE = reddit/Info.plist;
				LD_RUNPATH_SEARCH_PATHS = "$(inherited) @executable_path/Frameworks";
				PRODUCT_BUNDLE_IDENTIFIER = com.allenehuang.reddit;
				PRODUCT_NAME = "$(TARGET_NAME)";
				SWIFT_VERSION = 4.0;
				TARGETED_DEVICE_FAMILY = "1,2";
			};
			name = Release;
		};
/* End XCBuildConfiguration section */

/* Begin XCConfigurationList section */
		590F6FAA2041BB3300124EF4 /* Build configuration list for PBXProject "reddit" */ = {
			isa = XCConfigurationList;
			buildConfigurations = (
				590F6FBF2041BB3300124EF4 /* Debug */,
				590F6FC02041BB3300124EF4 /* Release */,
			);
			defaultConfigurationIsVisible = 0;
			defaultConfigurationName = Release;
		};
		590F6FC12041BB3300124EF4 /* Build configuration list for PBXNativeTarget "reddit" */ = {
			isa = XCConfigurationList;
			buildConfigurations = (
				590F6FC22041BB3300124EF4 /* Debug */,
				590F6FC32041BB3300124EF4 /* Release */,
			);
			defaultConfigurationIsVisible = 0;
			defaultConfigurationName = Release;
		};
/* End XCConfigurationList section */
	};
	rootObject = 590F6FA72041BB3300124EF4 /* Project object */;
}
